dependencies:
- name: postgresql
  repository: https://kubernetes-charts.storage.googleapis.com/
  version: 8.6.4
- name: keycloak
  repository: https://codecentric.github.io/helm-charts
  version: 8.1.0
digest: sha256:3d24d25b45585df704158499bb4b06393764f0c910c9551fccb6aa5ad70fd0d1
generated: "2020-05-21T22:25:29.188927305Z"
